// !$*UTF8*$!
{
	archiveVersion = 1;
	classes = {
	};
	objectVersion = 46;
	objects = {

/* Begin PBXBuildFile section */
		1B4013521CEC0EE8002ECFC3 /* MainViewController.swift in Sources */ = {isa = PBXBuildFile; fileRef = 1B4013511CEC0EE8002ECFC3 /* MainViewController.swift */; };
		1B7B57701CEC0028002A8097 /* Contact.swift in Sources */ = {isa = PBXBuildFile; fileRef = 1B7B576F1CEC0028002A8097 /* Contact.swift */; };
		1B7B57731CEC071F002A8097 /* CameraViewController.swift in Sources */ = {isa = PBXBuildFile; fileRef = 1B7B57721CEC071F002A8097 /* CameraViewController.swift */; };
		1B8D3C3A1CEBB2BD00CE7C98 /* AppDelegate.swift in Sources */ = {isa = PBXBuildFile; fileRef = 1B8D3C391CEBB2BD00CE7C98 /* AppDelegate.swift */; };
		1B8D3C3C1CEBB2BD00CE7C98 /* ViewController.swift in Sources */ = {isa = PBXBuildFile; fileRef = 1B8D3C3B1CEBB2BD00CE7C98 /* ViewController.swift */; };
		1B8D3C3F1CEBB2BD00CE7C98 /* Main.storyboard in Resources */ = {isa = PBXBuildFile; fileRef = 1B8D3C3D1CEBB2BD00CE7C98 /* Main.storyboard */; };
		1B8D3C411CEBB2BD00CE7C98 /* Assets.xcassets in Resources */ = {isa = PBXBuildFile; fileRef = 1B8D3C401CEBB2BD00CE7C98 /* Assets.xcassets */; };
		1B8D3C441CEBB2BD00CE7C98 /* LaunchScreen.storyboard in Resources */ = {isa = PBXBuildFile; fileRef = 1B8D3C421CEBB2BD00CE7C98 /* LaunchScreen.storyboard */; };
		1B8D3C4C1CEBF2E800CE7C98 /* EntruVCViewController.swift in Sources */ = {isa = PBXBuildFile; fileRef = 1B8D3C4B1CEBF2E800CE7C98 /* EntruVCViewController.swift */; };
		7B8AA3EFDEEA5BCBFA929FF7 /* Pods_Cs2049Final_Proj.framework in Frameworks */ = {isa = PBXBuildFile; fileRef = D8B4B2FAE8D5AA5F8E31CA60 /* Pods_Cs2049Final_Proj.framework */; };
/* End PBXBuildFile section */

/* Begin PBXFileReference section */
		1B4013511CEC0EE8002ECFC3 /* MainViewController.swift */ = {isa = PBXFileReference; fileEncoding = 4; lastKnownFileType = sourcecode.swift; path = MainViewController.swift; sourceTree = "<group>"; };
		1B7B576F1CEC0028002A8097 /* Contact.swift */ = {isa = PBXFileReference; fileEncoding = 4; lastKnownFileType = sourcecode.swift; path = Contact.swift; sourceTree = "<group>"; };
		1B7B57721CEC071F002A8097 /* CameraViewController.swift */ = {isa = PBXFileReference; fileEncoding = 4; lastKnownFileType = sourcecode.swift; path = CameraViewController.swift; sourceTree = "<group>"; };
		1B8D3C361CEBB2BD00CE7C98 /* Cs2049Final_Proj.app */ = {isa = PBXFileReference; explicitFileType = wrapper.application; includeInIndex = 0; path = Cs2049Final_Proj.app; sourceTree = BUILT_PRODUCTS_DIR; };
		1B8D3C391CEBB2BD00CE7C98 /* AppDelegate.swift */ = {isa = PBXFileReference; lastKnownFileType = sourcecode.swift; path = AppDelegate.swift; sourceTree = "<group>"; };
		1B8D3C3B1CEBB2BD00CE7C98 /* ViewController.swift */ = {isa = PBXFileReference; lastKnownFileType = sourcecode.swift; path = ViewController.swift; sourceTree = "<group>"; };
		1B8D3C3E1CEBB2BD00CE7C98 /* Base */ = {isa = PBXFileReference; lastKnownFileType = file.storyboard; name = Base; path = Base.lproj/Main.storyboard; sourceTree = "<group>"; };
		1B8D3C401CEBB2BD00CE7C98 /* Assets.xcassets */ = {isa = PBXFileReference; lastKnownFileType = folder.assetcatalog; path = Assets.xcassets; sourceTree = "<group>"; };
		1B8D3C431CEBB2BD00CE7C98 /* Base */ = {isa = PBXFileReference; lastKnownFileType = file.storyboard; name = Base; path = Base.lproj/LaunchScreen.storyboard; sourceTree = "<group>"; };
		1B8D3C451CEBB2BD00CE7C98 /* Info.plist */ = {isa = PBXFileReference; lastKnownFileType = text.plist.xml; path = Info.plist; sourceTree = "<group>"; };
		1B8D3C4B1CEBF2E800CE7C98 /* EntruVCViewController.swift */ = {isa = PBXFileReference; fileEncoding = 4; lastKnownFileType = sourcecode.swift; path = EntruVCViewController.swift; sourceTree = "<group>"; };
		3C59B8FE4C0700435AC15136 /* Pods-Cs2049Final_Proj.release.xcconfig */ = {isa = PBXFileReference; includeInIndex = 1; lastKnownFileType = text.xcconfig; name = "Pods-Cs2049Final_Proj.release.xcconfig"; path = "Pods/Target Support Files/Pods-Cs2049Final_Proj/Pods-Cs2049Final_Proj.release.xcconfig"; sourceTree = "<group>"; };
		61ED6CAF3CC7EABCE1BC44C5 /* Pods-Cs2049Final_Proj.debug.xcconfig */ = {isa = PBXFileReference; includeInIndex = 1; lastKnownFileType = text.xcconfig; name = "Pods-Cs2049Final_Proj.debug.xcconfig"; path = "Pods/Target Support Files/Pods-Cs2049Final_Proj/Pods-Cs2049Final_Proj.debug.xcconfig"; sourceTree = "<group>"; };
		D8B4B2FAE8D5AA5F8E31CA60 /* Pods_Cs2049Final_Proj.framework */ = {isa = PBXFileReference; explicitFileType = wrapper.framework; includeInIndex = 0; path = Pods_Cs2049Final_Proj.framework; sourceTree = BUILT_PRODUCTS_DIR; };
/* End PBXFileReference section */

/* Begin PBXFrameworksBuildPhase section */
		1B8D3C331CEBB2BD00CE7C98 /* Frameworks */ = {
			isa = PBXFrameworksBuildPhase;
			buildActionMask = 2147483647;
			files = (
				7B8AA3EFDEEA5BCBFA929FF7 /* Pods_Cs2049Final_Proj.framework in Frameworks */,
			);
			runOnlyForDeploymentPostprocessing = 0;
		};
/* End PBXFrameworksBuildPhase section */

/* Begin PBXGroup section */
		1B7B576C1CEBFF68002A8097 /* Realm */ = {
			isa = PBXGroup;
			children = (
				1B7B576F1CEC0028002A8097 /* Contact.swift */,
			);
			name = Realm;
			sourceTree = "<group>";
		};
		1B8D3C2D1CEBB2BD00CE7C98 = {
			isa = PBXGroup;
			children = (
				1B8D3C381CEBB2BD00CE7C98 /* Cs2049Final_Proj */,
				1B8D3C371CEBB2BD00CE7C98 /* Products */,
				8BDAB936E735F9B2D4716B7D /* Pods */,
				D69CA24544FD70359F76B3D8 /* Frameworks */,
			);
			sourceTree = "<group>";
		};
		1B8D3C371CEBB2BD00CE7C98 /* Products */ = {
			isa = PBXGroup;
			children = (
				1B8D3C361CEBB2BD00CE7C98 /* Cs2049Final_Proj.app */,
			);
			name = Products;
			sourceTree = "<group>";
		};
		1B8D3C381CEBB2BD00CE7C98 /* Cs2049Final_Proj */ = {
			isa = PBXGroup;
			children = (
				1B7B576C1CEBFF68002A8097 /* Realm */,
				1B8D3C391CEBB2BD00CE7C98 /* AppDelegate.swift */,
				1B8D3C3B1CEBB2BD00CE7C98 /* ViewController.swift */,
				1B4013511CEC0EE8002ECFC3 /* MainViewController.swift */,
				1B8D3C3D1CEBB2BD00CE7C98 /* Main.storyboard */,
				1B7B57721CEC071F002A8097 /* CameraViewController.swift */,
				1B8D3C4B1CEBF2E800CE7C98 /* EntruVCViewController.swift */,
				1B8D3C401CEBB2BD00CE7C98 /* Assets.xcassets */,
				1B8D3C421CEBB2BD00CE7C98 /* LaunchScreen.storyboard */,
				1B8D3C451CEBB2BD00CE7C98 /* Info.plist */,
			);
			path = Cs2049Final_Proj;
			sourceTree = "<group>";
		};
		8BDAB936E735F9B2D4716B7D /* Pods */ = {
			isa = PBXGroup;
			children = (
				61ED6CAF3CC7EABCE1BC44C5 /* Pods-Cs2049Final_Proj.debug.xcconfig */,
				3C59B8FE4C0700435AC15136 /* Pods-Cs2049Final_Proj.release.xcconfig */,
			);
			name = Pods;
			sourceTree = "<group>";
		};
		D69CA24544FD70359F76B3D8 /* Frameworks */ = {
			isa = PBXGroup;
			children = (
				D8B4B2FAE8D5AA5F8E31CA60 /* Pods_Cs2049Final_Proj.framework */,
			);
			name = Frameworks;
			sourceTree = "<group>";
		};
/* End PBXGroup section */

/* Begin PBXNativeTarget section */
		1B8D3C351CEBB2BD00CE7C98 /* Cs2049Final_Proj */ = {
			isa = PBXNativeTarget;
			buildConfigurationList = 1B8D3C481CEBB2BD00CE7C98 /* Build configuration list for PBXNativeTarget "Cs2049Final_Proj" */;
			buildPhases = (
				45272BBF856088823A862881 /* Check Pods Manifest.lock */,
				1B8D3C321CEBB2BD00CE7C98 /* Sources */,
				1B8D3C331CEBB2BD00CE7C98 /* Frameworks */,
				1B8D3C341CEBB2BD00CE7C98 /* Resources */,
				9EFC320377F1EF0AAA682F18 /* Embed Pods Frameworks */,
				EA9F216E3539CBF2DFCBE9AE /* Copy Pods Resources */,
			);
			buildRules = (
			);
			dependencies = (
			);
			name = Cs2049Final_Proj;
			productName = Cs2049Final_Proj;
			productReference = 1B8D3C361CEBB2BD00CE7C98 /* Cs2049Final_Proj.app */;
			productType = "com.apple.product-type.application";
		};
/* End PBXNativeTarget section */

/* Begin PBXProject section */
		1B8D3C2E1CEBB2BD00CE7C98 /* Project object */ = {
			isa = PBXProject;
			attributes = {
				LastSwiftUpdateCheck = 0730;
				LastUpgradeCheck = 0730;
				ORGANIZATIONNAME = haha;
				TargetAttributes = {
					1B8D3C351CEBB2BD00CE7C98 = {
						CreatedOnToolsVersion = 7.3.1;
						DevelopmentTeam = 3G8A6P8VEG;
					};
				};
			};
			buildConfigurationList = 1B8D3C311CEBB2BD00CE7C98 /* Build configuration list for PBXProject "Cs2049Final_Proj" */;
			compatibilityVersion = "Xcode 3.2";
			developmentRegion = English;
			hasScannedForEncodings = 0;
			knownRegions = (
				en,
				Base,
			);
			mainGroup = 1B8D3C2D1CEBB2BD00CE7C98;
			productRefGroup = 1B8D3C371CEBB2BD00CE7C98 /* Products */;
			projectDirPath = "";
			projectRoot = "";
			targets = (
				1B8D3C351CEBB2BD00CE7C98 /* Cs2049Final_Proj */,
			);
		};
/* End PBXProject section */

/* Begin PBXResourcesBuildPhase section */
		1B8D3C341CEBB2BD00CE7C98 /* Resources */ = {
			isa = PBXResourcesBuildPhase;
			buildActionMask = 2147483647;
			files = (
				1B8D3C441CEBB2BD00CE7C98 /* LaunchScreen.storyboard in Resources */,
				1B8D3C411CEBB2BD00CE7C98 /* Assets.xcassets in Resources */,
				1B8D3C3F1CEBB2BD00CE7C98 /* Main.storyboard in Resources */,
			);
			runOnlyForDeploymentPostprocessing = 0;
		};
/* End PBXResourcesBuildPhase section */

/* Begin PBXShellScriptBuildPhase section */
		45272BBF856088823A862881 /* Check Pods Manifest.lock */ = {
			isa = PBXShellScriptBuildPhase;
			buildActionMask = 2147483647;
			files = (
			);
			inputPaths = (
			);
			name = "Check Pods Manifest.lock";
			outputPaths = (
			);
			runOnlyForDeploymentPostprocessing = 0;
			shellPath = /bin/sh;
			shellScript = "diff \"${PODS_ROOT}/../Podfile.lock\" \"${PODS_ROOT}/Manifest.lock\" > /dev/null\nif [[ $? != 0 ]] ; then\n    cat << EOM\nerror: The sandbox is not in sync with the Podfile.lock. Run 'pod install' or update your CocoaPods installation.\nEOM\n    exit 1\nfi\n";
			showEnvVarsInLog = 0;
		};
		9EFC320377F1EF0AAA682F18 /* Embed Pods Frameworks */ = {
			isa = PBXShellScriptBuildPhase;
			buildActionMask = 2147483647;
			files = (
			);
			inputPaths = (
			);
			name = "Embed Pods Frameworks";
			outputPaths = (
			);
			runOnlyForDeploymentPostprocessing = 0;
			shellPath = /bin/sh;
			shellScript = "\"${SRCROOT}/Pods/Target Support Files/Pods-Cs2049Final_Proj/Pods-Cs2049Final_Proj-frameworks.sh\"\n";
			showEnvVarsInLog = 0;
		};
		EA9F216E3539CBF2DFCBE9AE /* Copy Pods Resources */ = {
			isa = PBXShellScriptBuildPhase;
			buildActionMask = 2147483647;
			files = (
			);
			inputPaths = (
			);
			name = "Copy Pods Resources";
			outputPaths = (
			);
			runOnlyForDeploymentPostprocessing = 0;
			shellPath = /bin/sh;
			shellScript = "\"${SRCROOT}/Pods/Target Support Files/Pods-Cs2049Final_Proj/Pods-Cs2049Final_Proj-resources.sh\"\n";
			showEnvVarsInLog = 0;
		};
/* End PBXShellScriptBuildPhase section */

/* Begin PBXSourcesBuildPhase section */
		1B8D3C321CEBB2BD00CE7C98 /* Sources */ = {
			isa = PBXSourcesBuildPhase;
			buildActionMask = 2147483647;
			files = (
				1B7B57701CEC0028002A8097 /* Contact.swift in Sources */,
				1B7B57731CEC071F002A8097 /* CameraViewController.swift in Sources */,
				1B8D3C3C1CEBB2BD00CE7C98 /* ViewController.swift in Sources */,
				1B4013521CEC0EE8002ECFC3 /* MainViewController.swift in Sources */,
				1B8D3C4C1CEBF2E800CE7C98 /* EntruVCViewController.swift in Sources */,
				1B8D3C3A1CEBB2BD00CE7C98 /* AppDelegate.swift in Sources */,
			);
			runOnlyForDeploymentPostprocessing = 0;
		};
/* End PBXSourcesBuildPhase section */

/* Begin PBXVariantGroup section */
		1B8D3C3D1CEBB2BD00CE7C98 /* Main.storyboard */ = {
			isa = PBXVariantGroup;
			children = (
				1B8D3C3E1CEBB2BD00CE7C98 /* Base */,
			);
			name = Main.storyboard;
			sourceTree = "<group>";
		};
		1B8D3C421CEBB2BD00CE7C98 /* LaunchScreen.storyboard */ = {
			isa = PBXVariantGroup;
			children = (
				1B8D3C431CEBB2BD00CE7C98 /* Base */,
			);
			name = LaunchScreen.storyboard;
			sourceTree = "<group>";
		};
/* End PBXVariantGroup section */

/* Begin XCBuildConfiguration section */
		1B8D3C461CEBB2BD00CE7C98 /* Debug */ = {
			isa = XCBuildConfiguration;
			buildSettings = {
				ALWAYS_SEARCH_USER_PATHS = NO;
				CLANG_ANALYZER_NONNULL = YES;
				CLANG_CXX_LANGUAGE_STANDARD = "gnu++0x";
				CLANG_CXX_LIBRARY = "libc++";
				CLANG_ENABLE_MODULES = YES;
				CLANG_ENABLE_OBJC_ARC = YES;
				CLANG_WARN_BOOL_CONVERSION = YES;
				CLANG_WARN_CONSTANT_CONVERSION = YES;
				CLANG_WARN_DIRECT_OBJC_ISA_USAGE = YES_ERROR;
				CLANG_WARN_EMPTY_BODY = YES;
				CLANG_WARN_ENUM_CONVERSION = YES;
				CLANG_WARN_INT_CONVERSION = YES;
				CLANG_WARN_OBJC_ROOT_CLASS = YES_ERROR;
				CLANG_WARN_UNREACHABLE_CODE = YES;
				CLANG_WARN__DUPLICATE_METHOD_MATCH = YES;
				"CODE_SIGN_IDENTITY[sdk=iphoneos*]" = "iPhone Developer";
				COPY_PHASE_STRIP = NO;
				DEBUG_INFORMATION_FORMAT = dwarf;
				ENABLE_STRICT_OBJC_MSGSEND = YES;
				ENABLE_TESTABILITY = YES;
				GCC_C_LANGUAGE_STANDARD = gnu99;
				GCC_DYNAMIC_NO_PIC = NO;
				GCC_NO_COMMON_BLOCKS = YES;
				GCC_OPTIMIZATION_LEVEL = 0;
				GCC_PREPROCESSOR_DEFINITIONS = (
					"DEBUG=1",
					"$(inherited)",
				);
				GCC_WARN_64_TO_32_BIT_CONVERSION = YES;
				GCC_WARN_ABOUT_RETURN_TYPE = YES_ERROR;
				GCC_WARN_UNDECLARED_SELECTOR = YES;
				GCC_WARN_UNINITIALIZED_AUTOS = YES_AGGRESSIVE;
				GCC_WARN_UNUSED_FUNCTION = YES;
				GCC_WARN_UNUSED_VARIABLE = YES;
				IPHONEOS_DEPLOYMENT_TARGET = 9.3;
				MTL_ENABLE_DEBUG_INFO = YES;
				ONLY_ACTIVE_ARCH = YES;
				SDKROOT = iphoneos;
				SWIFT_OPTIMIZATION_LEVEL = "-Onone";
				TARGETED_DEVICE_FAMILY = "1,2";
			};
			name = Debug;
		};
		1B8D3C471CEBB2BD00CE7C98 /* Release */ = {
			isa = XCBuildConfiguration;
			buildSettings = {
				ALWAYS_SEARCH_USER_PATHS = NO;
				CLANG_ANALYZER_NONNULL = YES;
				CLANG_CXX_LANGUAGE_STANDARD = "gnu++0x";
				CLANG_CXX_LIBRARY = "libc++";
				CLANG_ENABLE_MODULES = YES;
				CLANG_ENABLE_OBJC_ARC = YES;
				CLANG_WARN_BOOL_CONVERSION = YES;
				CLANG_WARN_CONSTANT_CONVERSION = YES;
				CLANG_WARN_DIRECT_OBJC_ISA_USAGE = YES_ERROR;
				CLANG_WARN_EMPTY_BODY = YES;
				CLANG_WARN_ENUM_CONVERSION = YES;
				CLANG_WARN_INT_CONVERSION = YES;
				CLANG_WARN_OBJC_ROOT_CLASS = YES_ERROR;
				CLANG_WARN_UNREACHABLE_CODE = YES;
				CLANG_WARN__DUPLICATE_METHOD_MATCH = YES;
				"CODE_SIGN_IDENTITY[sdk=iphoneos*]" = "iPhone Developer";
				COPY_PHASE_STRIP = NO;
				DEBUG_INFORMATION_FORMAT = "dwarf-with-dsym";
				ENABLE_NS_ASSERTIONS = NO;
				ENABLE_STRICT_OBJC_MSGSEND = YES;
				GCC_C_LANGUAGE_STANDARD = gnu99;
				GCC_NO_COMMON_BLOCKS = YES;
				GCC_WARN_64_TO_32_BIT_CONVERSION = YES;
				GCC_WARN_ABOUT_RETURN_TYPE = YES_ERROR;
				GCC_WARN_UNDECLARED_SELECTOR = YES;
				GCC_WARN_UNINITIALIZED_AUTOS = YES_AGGRESSIVE;
				GCC_WARN_UNUSED_FUNCTION = YES;
				GCC_WARN_UNUSED_VARIABLE = YES;
				IPHONEOS_DEPLOYMENT_TARGET = 9.3;
				MTL_ENABLE_DEBUG_INFO = NO;
				SDKROOT = iphoneos;
				TARGETED_DEVICE_FAMILY = "1,2";
				VALIDATE_PRODUCT = YES;
			};
			name = Release;
		};
		1B8D3C491CEBB2BD00CE7C98 /* Debug */ = {
			isa = XCBuildConfiguration;
			baseConfigurationReference = 61ED6CAF3CC7EABCE1BC44C5 /* Pods-Cs2049Final_Proj.debug.xcconfig */;
			buildSettings = {
				ASSETCATALOG_COMPILER_APPICON_NAME = AppIcon;
				CODE_SIGN_IDENTITY = "iPhone Developer";
				"CODE_SIGN_IDENTITY[sdk=iphoneos*]" = "iPhone Developer";
				INFOPLIST_FILE = Cs2049Final_Proj/Info.plist;
				LD_RUNPATH_SEARCH_PATHS = "$(inherited) @executable_path/Frameworks";
				PRODUCT_BUNDLE_IDENTIFIER = "com.haha.Cs2049Final-Proj";
				PRODUCT_NAME = "$(TARGET_NAME)";
				PROVISIONING_PROFILE = "";
			};
			name = Debug;
		};
		1B8D3C4A1CEBB2BD00CE7C98 /* Release */ = {
			isa = XCBuildConfiguration;
			baseConfigurationReference = 3C59B8FE4C0700435AC15136 /* Pods-Cs2049Final_Proj.release.xcconfig */;
			buildSettings = {
				ASSETCATALOG_COMPILER_APPICON_NAME = AppIcon;
				CODE_SIGN_IDENTITY = "iPhone Developer";
				"CODE_SIGN_IDENTITY[sdk=iphoneos*]" = "iPhone Developer";
				INFOPLIST_FILE = Cs2049Final_Proj/Info.plist;
				LD_RUNPATH_SEARCH_PATHS = "$(inherited) @executable_path/Frameworks";
				PRODUCT_BUNDLE_IDENTIFIER = "com.haha.Cs2049Final-Proj";
				PRODUCT_NAME = "$(TARGET_NAME)";
				PROVISIONING_PROFILE = "";
			};
			name = Release;
		};
/* End XCBuildConfiguration section */

/* Begin XCConfigurationList section */
		1B8D3C311CEBB2BD00CE7C98 /* Build configuration list for PBXProject "Cs2049Final_Proj" */ = {
			isa = XCConfigurationList;
			buildConfigurations = (
				1B8D3C461CEBB2BD00CE7C98 /* Debug */,
				1B8D3C471CEBB2BD00CE7C98 /* Release */,
			);
			defaultConfigurationIsVisible = 0;
			defaultConfigurationName = Release;
		};
		1B8D3C481CEBB2BD00CE7C98 /* Build configuration list for PBXNativeTarget "Cs2049Final_Proj" */ = {
			isa = XCConfigurationList;
			buildConfigurations = (
				1B8D3C491CEBB2BD00CE7C98 /* Debug */,
				1B8D3C4A1CEBB2BD00CE7C98 /* Release */,
			);
			defaultConfigurationIsVisible = 0;
			defaultConfigurationName = Release;
		};
/* End XCConfigurationList section */
	};
	rootObject = 1B8D3C2E1CEBB2BD00CE7C98 /* Project object */;
}
